
Microsoft Visual Studio Solution File, Format Version 12.00
# Visual Studio Version 17
VisualStudioVersion = 17.14.36202.13 d17.14
MinimumVisualStudioVersion = 10.0.40219.1
Project("{FAE04EC0-301F-11D3-BF4B-00C04F79EFBC}") = "Food Court Management System", "Food Court Management System.csproj", "{A4AF90F7-54A0-4CF3-A065-99ED6B4B230A}"
EndProject
Global
	GlobalSection(SolutionConfigurationPlatforms) = preSolution
		Debug|Any CPU = Debug|Any CPU
		Release|Any CPU = Release|Any CPU
	EndGlobalSection
	GlobalSection(ProjectConfigurationPlatforms) = postSolution
		{A4AF90F7-54A0-4CF3-A065-99ED6B4B230A}.Debug|Any CPU.ActiveCfg = Debug|Any CPU
		{A4AF90F7-54A0-4CF3-A065-99ED6B4B230A}.Debug|Any CPU.Build.0 = Debug|Any CPU
		{A4AF90F7-54A0-4CF3-A065-99ED6B4B230A}.Release|Any CPU.ActiveCfg = Release|Any CPU
		{A4AF90F7-54A0-4CF3-A065-99ED6B4B230A}.Release|Any CPU.Build.0 = Release|Any CPU
	EndGlobalSection
	GlobalSection(SolutionProperties) = preSolution
		HideSolutionNode = FALSE
	EndGlobalSection
	GlobalSection(ExtensibilityGlobals) = postSolution
		SolutionGuid = {50A6B56E-EF81-4D9F-9279-79DD1E29263E}
	EndGlobalSection
EndGlobal
